
Microsoft Visual Studio Solution File, Format Version 12.00
# Visual Studio Version 17
VisualStudioVersion = 17.8.34316.72
MinimumVisualStudioVersion = 10.0.40219.1
Project("{FAE04EC0-301F-11D3-BF4B-00C04F79EFBC}") = "Vectorize.Logging", "Vectorize.Logging\Vectorize.Logging.csproj", "{00F27A42-8597-4126-80E7-B70BDD8AEE0B}"
EndProject
Global
	GlobalSection(SolutionConfigurationPlatforms) = preSolution
		Debug|Any CPU = Debug|Any CPU
		Release|Any CPU = Release|Any CPU
	EndGlobalSection
	GlobalSection(ProjectConfigurationPlatforms) = postSolution
		{00F27A42-8597-4126-80E7-B70BDD8AEE0B}.Debug|Any CPU.ActiveCfg = Debug|Any CPU
		{00F27A42-8597-4126-80E7-B70BDD8AEE0B}.Debug|Any CPU.Build.0 = Debug|Any CPU
		{00F27A42-8597-4126-80E7-B70BDD8AEE0B}.Release|Any CPU.ActiveCfg = Release|Any CPU
		{00F27A42-8597-4126-80E7-B70BDD8AEE0B}.Release|Any CPU.Build.0 = Release|Any CPU
	EndGlobalSection
	GlobalSection(SolutionProperties) = preSolution
		HideSolutionNode = FALSE
	EndGlobalSection
	GlobalSection(ExtensibilityGlobals) = postSolution
		SolutionGuid = {0C9E62AF-23D1-4067-A898-70668387210C}
	EndGlobalSection
EndGlobal
